
Microsoft Visual Studio Solution File, Format Version 12.00
# Visual Studio Version 17
VisualStudioVersion = 17.14.36203.30 d17.14
MinimumVisualStudioVersion = 10.0.40219.1
Project("{FAE04EC0-301F-11D3-BF4B-00C04F79EFBC}") = "contactsPresentationLayer", "contactsPresentationLayer.csproj", "{C68B611B-00C2-41B4-A37A-FEE2EFE421BC}"
EndProject
Project("{FAE04EC0-301F-11D3-BF4B-00C04F79EFBC}") = "contactsDataLayer", "..\contactsDataLayer\contactsDataLayer.csproj", "{FEABAAD3-AB9F-409C-A209-0D43EE0EE3CF}"
EndProject
Project("{FAE04EC0-301F-11D3-BF4B-00C04F79EFBC}") = "contactsBusinessLayer", "..\contactsBusinessLayer\contactsBusinessLayer.csproj", "{B974C1EA-65E3-4D53-8F34-8F784DF13EA1}"
EndProject
Global
	GlobalSection(SolutionConfigurationPlatforms) = preSolution
		Debug|Any CPU = Debug|Any CPU
		Release|Any CPU = Release|Any CPU
	EndGlobalSection
	GlobalSection(ProjectConfigurationPlatforms) = postSolution
		{C68B611B-00C2-41B4-A37A-FEE2EFE421BC}.Debug|Any CPU.ActiveCfg = Debug|Any CPU
		{C68B611B-00C2-41B4-A37A-FEE2EFE421BC}.Debug|Any CPU.Build.0 = Debug|Any CPU
		{C68B611B-00C2-41B4-A37A-FEE2EFE421BC}.Release|Any CPU.ActiveCfg = Release|Any CPU
		{C68B611B-00C2-41B4-A37A-FEE2EFE421BC}.Release|Any CPU.Build.0 = Release|Any CPU
		{FEABAAD3-AB9F-409C-A209-0D43EE0EE3CF}.Debug|Any CPU.ActiveCfg = Debug|Any CPU
		{FEABAAD3-AB9F-409C-A209-0D43EE0EE3CF}.Debug|Any CPU.Build.0 = Debug|Any CPU
		{FEABAAD3-AB9F-409C-A209-0D43EE0EE3CF}.Release|Any CPU.ActiveCfg = Release|Any CPU
		{FEABAAD3-AB9F-409C-A209-0D43EE0EE3CF}.Release|Any CPU.Build.0 = Release|Any CPU
		{B974C1EA-65E3-4D53-8F34-8F784DF13EA1}.Debug|Any CPU.ActiveCfg = Debug|Any CPU
		{B974C1EA-65E3-4D53-8F34-8F784DF13EA1}.Debug|Any CPU.Build.0 = Debug|Any CPU
		{B974C1EA-65E3-4D53-8F34-8F784DF13EA1}.Release|Any CPU.ActiveCfg = Release|Any CPU
		{B974C1EA-65E3-4D53-8F34-8F784DF13EA1}.Release|Any CPU.Build.0 = Release|Any CPU
	EndGlobalSection
	GlobalSection(SolutionProperties) = preSolution
		HideSolutionNode = FALSE
	EndGlobalSection
	GlobalSection(ExtensibilityGlobals) = postSolution
		SolutionGuid = {A4C66484-BADE-498F-9115-4B6F90B739A2}
	EndGlobalSection
EndGlobal
